{
  "nodes": {
    "cachix": {
      "locked": {
        "lastModified": 1609187327,
        "narHash": "sha256-6lCwWpGpZxbSYclryv4ixsxxbISe7HuLyyQnGWCC8ZQ=",
        "owner": "nixos",
        "repo": "nixpkgs",
        "rev": "e065200fc90175a8f6e50e76ef10a48786126e1c",
        "type": "github"
      },
      "original": {
        "owner": "nixos",
        "ref": "nixos-20.09",
        "repo": "nixpkgs",
        "type": "github"
      }
    },
    "darwin": {
      "inputs": {
        "nixpkgs": [
          "pkgs-darwin"
        ]
      },
      "locked": {
        "lastModified": 1607264811,
        "narHash": "sha256-h7Oo41U+8jdo02cT3oHBYiD7tdZMSqPYRm0p29wx47E=",
        "owner": "lnl7",
        "repo": "nix-darwin",
        "rev": "465539ad1d1ad458bd2179e5b10ad1d487f92e0a",
        "type": "github"
      },
      "original": {
        "owner": "lnl7",
        "repo": "nix-darwin",
        "type": "github"
      }
    },
    "emacs": {
      "locked": {
        "lastModified": 1609331148,
        "narHash": "sha256-DxqGiR44jDhmqvYr5SaXpssMaz8LR5HLaPXaZkd/IJ8=",
        "owner": "nix-community",
        "repo": "emacs-overlay",
        "rev": "05fb17fc6ef2b1c205a034b7aabbc463291a0fcb",
        "type": "github"
      },
      "original": {
        "owner": "nix-community",
        "repo": "emacs-overlay",
        "type": "github"
      }
    },
    "flake-utils": {
      "locked": {
        "lastModified": 1609246779,
        "narHash": "sha256-eq6ZXE/VWo3EMC65jmIT6H/rrUc9UWOWVujkzav025k=",
        "owner": "numtide",
        "repo": "flake-utils",
        "rev": "08c7ad4a0844adc4a7f9f5bb3beae482e789afa4",
        "type": "github"
      },
      "original": {
        "owner": "numtide",
        "repo": "flake-utils",
        "type": "github"
      }
    },
    "home-manager": {
      "inputs": {
        "nixpkgs": [
          "nixpkgs"
        ]
      },
      "locked": {
        "lastModified": 1609269962,
        "narHash": "sha256-YvkJhcBBls39JFZzh/S3oRKyDFAgy2KoW5AzJ+MvNgQ=",
        "owner": "nix-community",
        "repo": "home-manager",
        "rev": "8e0c1c55fbb7f16f9fd313275ddf63c97b34394c",
        "type": "github"
      },
      "original": {
        "owner": "nix-community",
        "repo": "home-manager",
        "type": "github"
      }
    },
    "nixpkgs": {
      "locked": {
        "lastModified": 1609255952,
        "narHash": "sha256-nKlu6poOtkFRlceTucwzcG8u74ZvlLGGjuOKNslaC/k=",
        "owner": "nixos",
        "repo": "nixpkgs",
        "rev": "75513fb361477a5289a78e1a5c64a0ea13a7b535",
        "type": "github"
      },
      "original": {
        "owner": "nixos",
        "ref": "nixpkgs-unstable",
        "repo": "nixpkgs",
        "type": "github"
      }
    },
    "nur": {
      "locked": {
        "lastModified": 1609333187,
        "narHash": "sha256-uHZj2vX6S8iZMB2zCVE7eRX3fK2wxNpjHiITkgswRcI=",
        "owner": "nix-community",
        "repo": "NUR",
        "rev": "d020d70f75651dec7bdb7de9575ec9be68cb52f0",
        "type": "github"
      },
      "original": {
        "owner": "nix-community",
        "repo": "NUR",
        "type": "github"
      }
    },
    "pkgs-darwin": {
      "locked": {
        "lastModified": 1608102263,
        "narHash": "sha256-vUFG/KDGvewBfWkyM9zMs4Y+wZgx97PCYIxU5+UU9Y8=",
        "owner": "nixos",
        "repo": "nixpkgs",
        "rev": "81fad87659e436abdb1d27c6ac756e014bef85ac",
        "type": "github"
      },
      "original": {
        "owner": "nixos",
        "ref": "nixpkgs-20.09-darwin",
        "repo": "nixpkgs",
        "type": "github"
      }
    },
    "root": {
      "inputs": {
        "darwin": "darwin",
        "emacs": "emacs",
        "flake-utils": "flake-utils",
        "home-manager": "home-manager",
        "nixpkgs": "nixpkgs",
        "nur": "nur",
        "pkgs-darwin": "pkgs-darwin",
        "sops": "sops",
        "wayland": "wayland"
      }
    },
    "sops": {
      "inputs": {
        "nixpkgs": [
          "nixpkgs"
        ]
      },
      "locked": {
        "lastModified": 1609306567,
        "narHash": "sha256-CPVjO4tdmhHW7sOTbo8i9JN7HlNhakwpUi3u3+V6gnY=",
        "owner": "mic92",
        "repo": "sops-nix",
        "rev": "da343afab9aace88875f24bfb2d90e3d9afaafc4",
        "type": "github"
      },
      "original": {
        "owner": "mic92",
        "repo": "sops-nix",
        "type": "github"
      }
    },
    "unstableSmall": {
      "locked": {
        "lastModified": 1609289482,
        "narHash": "sha256-wUdDuTKOToRRpXZO74irBVQkMIq8C3Qj+8Z2AtZbrj4=",
        "owner": "nixos",
        "repo": "nixpkgs",
        "rev": "3c08a64b7dc4bf94a4e83dd0eac3253138ccfaea",
        "type": "github"
      },
      "original": {
        "owner": "nixos",
        "ref": "nixos-unstable-small",
        "repo": "nixpkgs",
        "type": "github"
      }
    },
    "wayland": {
      "inputs": {
        "cachix": "cachix",
        "nixpkgs": [
          "nixpkgs"
        ],
        "unstableSmall": "unstableSmall"
      },
      "locked": {
        "lastModified": 1609336929,
        "narHash": "sha256-jWm7UM2L4qdLEqyl+etYhiMQ8lqjDZ8M2R/uWSVV9rc=",
        "owner": "colemickens",
        "repo": "nixpkgs-wayland",
        "rev": "f472abb3b7cf5d620f738f0c4e66d1d2d67e2641",
        "type": "github"
      },
      "original": {
        "owner": "colemickens",
        "repo": "nixpkgs-wayland",
        "type": "github"
      }
    }
  },
  "root": "root",
  "version": 7
}
