{
  "nodes": {
    "cachix": {
      "locked": {
        "lastModified": 1614975450,
        "narHash": "sha256-guQeKuY2xJXAV8U5Wnz9h43yd80AEtnrfR7KumemBeQ=",
        "owner": "nixos",
        "repo": "nixpkgs",
        "rev": "1ac507ba981970c8e864624542e31eb1f4049751",
        "type": "github"
      },
      "original": {
        "owner": "nixos",
        "ref": "nixos-20.09",
        "repo": "nixpkgs",
        "type": "github"
      }
    },
    "devshell": {
      "locked": {
        "lastModified": 1618523768,
        "narHash": "sha256-Gev9da35pHUey3kGz/zrJFc/9ICs++vPCho7qB1mqd8=",
        "owner": "numtide",
        "repo": "devshell",
        "rev": "709fe4d04a9101c9d224ad83f73416dce71baf21",
        "type": "github"
      },
      "original": {
        "owner": "numtide",
        "repo": "devshell",
        "type": "github"
      }
    },
    "emacs": {
      "locked": {
        "lastModified": 1616214656,
        "narHash": "sha256-ceFOGcsbGlP/qtxMBlRGFH5fsbN+uGQYeHUrpgcRS4U=",
        "owner": "nix-community",
        "repo": "emacs-overlay",
        "rev": "d9530a7048f4b1c0f65825202a0ce1d111a1d39a",
        "type": "github"
      },
      "original": {
        "owner": "nix-community",
        "repo": "emacs-overlay",
        "type": "github"
      }
    },
    "flake-utils": {
      "locked": {
        "lastModified": 1618217525,
        "narHash": "sha256-WGrhVczjXTiswQaoxQ+0PTfbLNeOQM6M36zvLn78AYg=",
        "owner": "numtide",
        "repo": "flake-utils",
        "rev": "c6169a2772643c4a93a0b5ac1c61e296cba68544",
        "type": "github"
      },
      "original": {
        "owner": "numtide",
        "repo": "flake-utils",
        "type": "github"
      }
    },
    "guix": {
      "inputs": {
        "nixpkgs": [
          "nixpkgs"
        ]
      },
      "locked": {
        "lastModified": 1607118945,
        "narHash": "sha256-arD1ByLInvMiIVzDpFzS8e3H1cIzfky8SmxkY3hgZow=",
        "owner": "emiller88",
        "repo": "guix",
        "rev": "4e904203ee570cf42a2b004237945f354de2f82e",
        "type": "github"
      },
      "original": {
        "owner": "emiller88",
        "repo": "guix",
        "type": "github"
      }
    },
    "home-manager": {
      "inputs": {
        "nixpkgs": [
          "nixpkgs"
        ]
      },
      "locked": {
        "lastModified": 1618469593,
        "narHash": "sha256-fNdt+Q3irnT3pId7PKSSVeR8/9inBrAEg4gpItoRowU=",
        "owner": "nix-community",
        "repo": "home-manager",
        "rev": "ebbbd4f2b50703409543941e7445138dc1e7392e",
        "type": "github"
      },
      "original": {
        "owner": "nix-community",
        "repo": "home-manager",
        "type": "github"
      }
    },
    "nix-darwin": {
      "inputs": {
        "nixpkgs": [
          "nixpkgs"
        ]
      },
      "locked": {
        "lastModified": 1613595894,
        "narHash": "sha256-MOk/7rCAUB5Lf4GL+HimvyAAZXYEw8gWsq5nW4PPQQA=",
        "owner": "lnl7",
        "repo": "nix-darwin",
        "rev": "5c3146b75d5d478f0693d0ea6c83f1da8382ff56",
        "type": "github"
      },
      "original": {
        "owner": "lnl7",
        "repo": "nix-darwin",
        "type": "github"
      }
    },
    "nixos-hardware": {
      "locked": {
        "lastModified": 1618410381,
        "narHash": "sha256-/HMmKDAOTqQ0mlL2xk7wgTmaLqDkZsyXBn/JO2+SQc8=",
        "owner": "nixos",
        "repo": "nixos-hardware",
        "rev": "267d8b2d7f049d2cb9b7f4a7f981c123db19a868",
        "type": "github"
      },
      "original": {
        "owner": "nixos",
        "repo": "nixos-hardware",
        "type": "github"
      }
    },
    "nixpkgs": {
      "locked": {
        "lastModified": 1615513511,
        "narHash": "sha256-3Ro7OjPqmMjeV3P710TqMueGxqQNGYL7dNn/5TLhlYA=",
        "owner": "nixos",
        "repo": "nixpkgs",
        "rev": "c5147860e23ed75ce9d40298c66b416c00be1167",
        "type": "github"
      },
      "original": {
        "owner": "nixos",
        "ref": "nixpkgs-unstable",
        "repo": "nixpkgs",
        "type": "github"
      }
    },
    "nixpkgs-darwin": {
      "locked": {
        "lastModified": 1615162706,
        "narHash": "sha256-r7QkUDsIbZ8RH6YU+XW00wM0XW4MXLdEC8QSrDwUGwY=",
        "owner": "nixos",
        "repo": "nixpkgs",
        "rev": "f26c6ddc472d63418ea9117832d40912407f4abf",
        "type": "github"
      },
      "original": {
        "owner": "nixos",
        "ref": "nixpkgs-20.09-darwin",
        "repo": "nixpkgs",
        "type": "github"
      }
    },
    "nur": {
      "locked": {
        "lastModified": 1615058999,
        "narHash": "sha256-5J4flvQneSrCaGjkAFw6Z74msLmras3MkO98eJV++OI=",
        "owner": "nix-community",
        "repo": "NUR",
        "rev": "68fa9a49f4d9f65d69ceb9aa0c51dd8e83801259",
        "type": "github"
      },
      "original": {
        "owner": "nix-community",
        "repo": "NUR",
        "type": "github"
      }
    },
    "root": {
      "inputs": {
        "devshell": "devshell",
        "emacs": "emacs",
        "flake-utils": "flake-utils",
        "guix": "guix",
        "home-manager": "home-manager",
        "nix-darwin": "nix-darwin",
        "nixos-hardware": "nixos-hardware",
        "nixpkgs": "nixpkgs",
        "nixpkgs-darwin": "nixpkgs-darwin",
        "nur": "nur",
        "wayland": "wayland"
      }
    },
    "unstableSmall": {
      "locked": {
        "lastModified": 1615003268,
        "narHash": "sha256-7rTzyFQMnfPTOVU3lghtfjjMtf7Oo+RyShJt8jiRQnk=",
        "owner": "nixos",
        "repo": "nixpkgs",
        "rev": "8edfe0a2e8bfc750f7ac2818b2a4f364124806b6",
        "type": "github"
      },
      "original": {
        "owner": "nixos",
        "ref": "nixos-unstable-small",
        "repo": "nixpkgs",
        "type": "github"
      }
    },
    "wayland": {
      "inputs": {
        "cachix": "cachix",
        "nixpkgs": [
          "nixpkgs"
        ],
        "unstableSmall": "unstableSmall"
      },
      "locked": {
        "lastModified": 1615025358,
        "narHash": "sha256-sOkHn+7OsYP0vjnx9NVlnlEWx3IOflHBGjmukswYuf4=",
        "owner": "colemickens",
        "repo": "nixpkgs-wayland",
        "rev": "54b07d14e03269025b10d52b6bc6d5466a12567f",
        "type": "github"
      },
      "original": {
        "owner": "colemickens",
        "repo": "nixpkgs-wayland",
        "type": "github"
      }
    }
  },
  "root": "root",
  "version": 7
}
