{
  "nodes": {
    "home-manager": {
      "inputs": {
        "nixpkgs": "nixpkgs"
      },
      "locked": {
        "lastModified": 1602535872,
        "narHash": "sha256-5dnSqYNzwuL2tiQfSFCbX97Hfl4Lf6q4nghQBwm9pD8=",
        "owner": "nix-community",
        "repo": "home-manager",
        "rev": "e7d5531cfa770afc591f8dc5542eb4fba9962885",
        "type": "github"
      },
      "original": {
        "owner": "nix-community",
        "repo": "home-manager",
        "type": "github"
      }
    },
    "nixpkgs": {
      "locked": {
        "lastModified": 1591748508,
        "narHash": "sha256-GdYYaYsSBgYUhbDT1JJQ7vEgo8FWeW/AW7/qqJuCvRA=",
        "owner": "NixOS",
        "repo": "nixpkgs",
        "rev": "1d8c4410687390f9b8f92dbe6ff39fd8fc2b17c6",
        "type": "github"
      },
      "original": {
        "id": "nixpkgs",
        "type": "indirect"
      }
    },
    "nixpkgs_2": {
      "locked": {
        "lastModified": 1596792298,
        "narHash": "sha256-DM1fPvyRKneMihzALrguof78FxzBfRw243EFggkpog0=",
        "owner": "NixOS",
        "repo": "nixpkgs",
        "rev": "585aa266d36fc6cc5f300d6f0696f89168f38c3c",
        "type": "github"
      },
      "original": {
        "id": "nixpkgs",
        "type": "indirect"
      }
    },
    "nixpkgs_3": {
      "locked": {
        "lastModified": 1594457100,
        "narHash": "sha256-uu8T6sjftAu8meTa80sQeBzIAbWkQDUad/thnW86ikM=",
        "owner": "nixos",
        "repo": "nixpkgs",
        "rev": "c71518e75bf067fb639d44264fdd8cf80f53d75a",
        "type": "github"
      },
      "original": {
        "owner": "nixos",
        "ref": "nixos-unstable",
        "repo": "nixpkgs",
        "type": "github"
      }
    },
    "nur": {
      "locked": {
        "lastModified": 1602955259,
        "narHash": "sha256-NqTZsrS+g55Q7MyqZK5L1QowWCU15MDqsBQbE9wio5Q=",
        "owner": "nix-community",
        "repo": "NUR",
        "rev": "b25dc04d6748e5da15f5491788321ac6ace46a2a",
        "type": "github"
      },
      "original": {
        "owner": "nix-community",
        "repo": "NUR",
        "type": "github"
      }
    },
    "pkgs-stable": {
      "locked": {
        "lastModified": 1602412739,
        "narHash": "sha256-wxnfGN0iwttlC+yyuxSz8nJT7uda5FLActSW+NYFnU8=",
        "owner": "NixOS",
        "repo": "nixpkgs",
        "rev": "ff6fda61600cc60404bab5cb6b18b8636785b7bc",
        "type": "github"
      },
      "original": {
        "owner": "NixOS",
        "ref": "nixos-20.03",
        "repo": "nixpkgs",
        "type": "github"
      }
    },
    "pkgs-stable-darwin": {
      "locked": {
        "lastModified": 1602378253,
        "narHash": "sha256-tMiZ9f7pIJHIW6Xo9AA75KEnK0mnOYa27epRYDF//l0=",
        "owner": "NixOS",
        "repo": "nixpkgs",
        "rev": "0fd4e3c87705d16a694b7feba0e3d593b8b0c3ac",
        "type": "github"
      },
      "original": {
        "owner": "NixOS",
        "ref": "nixpkgs-20.03-darwin",
        "repo": "nixpkgs",
        "type": "github"
      }
    },
    "pkgs-unstable": {
      "locked": {
        "lastModified": 1598188353,
        "narHash": "sha256-AN0/ZiFASoM9YnpbJYKjCK78w3Uw5SDc7H6aFbOoWi0=",
        "owner": "NixOS",
        "repo": "nixpkgs",
        "rev": "40ae9e79dda88912d37d83a7a07bb5d863425c2a",
        "type": "github"
      },
      "original": {
        "owner": "NixOS",
        "ref": "nixpkgs-unstable",
        "repo": "nixpkgs",
        "type": "github"
      }
    },
    "root": {
      "inputs": {
        "home-manager": "home-manager",
        "nur": "nur",
        "pkgs-stable": "pkgs-stable",
        "pkgs-stable-darwin": "pkgs-stable-darwin",
        "pkgs-unstable": "pkgs-unstable",
        "sops": "sops",
        "wayland": "wayland"
      }
    },
    "sops": {
      "inputs": {
        "nixpkgs": "nixpkgs_2"
      },
      "locked": {
        "lastModified": 1598620579,
        "narHash": "sha256-t4ImALU9Kx2Ayzgcq/AmoYJ0NcRCH0YaCKsHFC88BvY=",
        "owner": "Mic92",
        "repo": "sops-nix",
        "rev": "412ba17f0d21043fa30fc2d9db4cd9bd5e1da440",
        "type": "github"
      },
      "original": {
        "owner": "Mic92",
        "repo": "sops-nix",
        "type": "github"
      }
    },
    "wayland": {
      "inputs": {
        "nixpkgs": "nixpkgs_3"
      },
      "locked": {
        "lastModified": 1595023378,
        "narHash": "sha256-q+RDusfcCLf2uI3bZEXjDaKPfldEpLj6cQkqKNhrL6o=",
        "owner": "colemickens",
        "repo": "nixpkgs-wayland",
        "rev": "f81668f04a5c210d95786449c1501279c3c7c018",
        "type": "github"
      },
      "original": {
        "owner": "colemickens",
        "repo": "nixpkgs-wayland",
        "type": "github"
      }
    }
  },
  "root": "root",
  "version": 7
}
