{
  "nodes": {
    "pkgs": {
      "locked": {
        "lastModified": 1604139290,
        "narHash": "sha256-tO1EFXN74/qMq7l+CnzemB1hhFNMlk9DuGuWaqqPoA0=",
        "owner": "nixos",
        "repo": "nixpkgs",
        "rev": "2da96f3f9c44cf87e07387321f4ca406c1a8bb7e",
        "type": "github"
      },
      "original": {
        "owner": "nixos",
        "ref": "nixpkgs-unstable",
        "repo": "nixpkgs",
        "type": "github"
      }
    },
    "root": {
      "inputs": {
        "pkgs": "pkgs"
      }
    }
  },
  "root": "root",
  "version": 7
}
