{
  "nodes": {
    "flake-utils": {
      "locked": {
        "lastModified": 1601282935,
        "narHash": "sha256-WQAFV6sGGQxrRs3a+/Yj9xUYvhTpukQJIcMbIi7LCJ4=",
        "owner": "numtide",
        "repo": "flake-utils",
        "rev": "588973065fce51f4763287f0fda87a174d78bf48",
        "type": "github"
      },
      "original": {
        "owner": "numtide",
        "repo": "flake-utils",
        "type": "github"
      }
    },
    "root": {
      "inputs": {
        "flake-utils": "flake-utils",
        "unstable": "unstable"
      }
    },
    "unstable": {
      "locked": {
        "lastModified": 1604322724,
        "narHash": "sha256-p6ovU8cfp46veBNu/g9+tzWjlXGAvBIbn2sM6oxPBWE=",
        "owner": "nixos",
        "repo": "nixpkgs",
        "rev": "ba84f8b1ba641e51d03262881a9f1092d0d52d15",
        "type": "github"
      },
      "original": {
        "owner": "nixos",
        "ref": "nixpkgs-unstable",
        "repo": "nixpkgs",
        "type": "github"
      }
    }
  },
  "root": "root",
  "version": 7
}
