{
  "nodes": {
    "pkgs": {
      "locked": {
        "lastModified": 1604418949,
        "narHash": "sha256-QCoeskFJCJg09JRtd8glzkpDAlZgvMv16Gm11BN5aDc=",
        "owner": "nixos",
        "repo": "nixpkgs",
        "rev": "fbd345dd005222eed9cf27d724cc7abdd54c048f",
        "type": "github"
      },
      "original": {
        "owner": "nixos",
        "ref": "nixos-20.03",
        "repo": "nixpkgs",
        "type": "github"
      }
    },
    "root": {
      "inputs": {
        "pkgs": "pkgs"
      }
    }
  },
  "root": "root",
  "version": 7
}
